# generated by rye
# use `rye lock` or `rye sync` to update this lockfile
#
# last locked with the following flags:
#   pre: false
#   features: []
#   all-features: false
#   with-sources: false
#   generate-hashes: false
#   universal: false

-e file:.
altgraph==0.17.4
    # via macholib
    # via pyinstaller
annotated-types==0.7.0
    # via pydantic
anyio==4.8.0
    # via httpx
    # via openai
    # via starlette
av==14.0.1
    # via faster-whisper
certifi==2024.12.14
    # via httpcore
    # via httpx
    # via requests
cffi==1.17.1
    # via sounddevice
charset-normalizer==3.4.1
    # via requests
click==8.1.8
    # via nltk
    # via uvicorn
cmudict==1.0.32
    # via style-bert-vits2
cn2an==0.5.23
    # via style-bert-vits2
coloredlogs==15.0.1
    # via onnxruntime
ctranslate2==4.5.0
    # via faster-whisper
distance==0.1.3
    # via g2p-en
distro==1.9.0
    # via openai
docopt==0.6.2
    # via num2words
fastapi==0.115.7
    # via voice-assistant-demo
faster-whisper==1.1.1
    # via voice-assistant-demo
filelock==3.17.0
    # via huggingface-hub
    # via torch
    # via transformers
flatbuffers==25.1.24
    # via onnxruntime
fsspec==2024.12.0
    # via huggingface-hub
    # via torch
g2p-en==2.1.0
    # via style-bert-vits2
h11==0.14.0
    # via httpcore
    # via uvicorn
httpcore==1.0.7
    # via httpx
httpx==0.28.1
    # via openai
    # via voice-assistant-demo
huggingface-hub==0.27.1
    # via faster-whisper
    # via tokenizers
    # via transformers
humanfriendly==10.0
    # via coloredlogs
idna==3.10
    # via anyio
    # via httpx
    # via requests
importlib-metadata==8.6.1
    # via cmudict
importlib-resources==6.5.2
    # via cmudict
inflect==7.5.0
    # via g2p-en
jieba==0.42.1
    # via style-bert-vits2
jinja2==3.1.5
    # via torch
jiter==0.8.2
    # via openai
joblib==1.4.2
    # via nltk
llvmlite==0.44.0
    # via numba
loguru==0.7.3
    # via style-bert-vits2
macholib==1.16.3
    # via pyinstaller
markdown-it-py==3.0.0
    # via rich
markupsafe==3.0.2
    # via jinja2
mdurl==0.1.2
    # via markdown-it-py
more-itertools==10.6.0
    # via inflect
    # via openai-whisper
mpmath==1.3.0
    # via sympy
networkx==3.4.2
    # via torch
nltk==3.9.1
    # via g2p-en
num2words==0.5.14
    # via style-bert-vits2
numba==0.61.0
    # via openai-whisper
    # via style-bert-vits2
numpy==1.26.4
    # via ctranslate2
    # via g2p-en
    # via numba
    # via onnxruntime
    # via openai-whisper
    # via pyopenjtalk-dict
    # via pyworld-prebuilt
    # via style-bert-vits2
    # via torchvision
    # via transformers
    # via voice-assistant-demo
onnxruntime==1.20.1
    # via faster-whisper
openai==1.60.1
    # via voice-assistant-demo
openai-whisper==20240930
    # via voice-assistant-demo
packaging==24.2
    # via huggingface-hub
    # via onnxruntime
    # via pyinstaller
    # via pyinstaller-hooks-contrib
    # via transformers
pillow==11.1.0
    # via torchvision
proces==0.1.7
    # via cn2an
protobuf==5.29.3
    # via onnxruntime
pyaudio==0.2.14
    # via voice-assistant-demo
pycparser==2.22
    # via cffi
pydantic==2.10.6
    # via fastapi
    # via openai
    # via style-bert-vits2
pydantic-core==2.27.2
    # via pydantic
pygments==2.19.1
    # via rich
pyinstaller==6.11.1
    # via voice-assistant-demo
pyinstaller-hooks-contrib==2025.0
    # via pyinstaller
pynput==1.7.7
    # via voice-assistant-demo
pyobjc-core==11.0
    # via pyobjc-framework-applicationservices
    # via pyobjc-framework-cocoa
    # via pyobjc-framework-coretext
    # via pyobjc-framework-quartz
pyobjc-framework-applicationservices==11.0
    # via pynput
pyobjc-framework-cocoa==11.0
    # via pyobjc-framework-applicationservices
    # via pyobjc-framework-coretext
    # via pyobjc-framework-quartz
pyobjc-framework-coretext==11.0
    # via pyobjc-framework-applicationservices
pyobjc-framework-quartz==11.0
    # via pynput
    # via pyobjc-framework-applicationservices
    # via pyobjc-framework-coretext
pyopenjtalk-dict==0.3.4.dev2
    # via style-bert-vits2
pypinyin==0.53.0
    # via style-bert-vits2
python-dotenv==1.0.1
    # via voice-assistant-demo
pyworld-prebuilt==0.3.4.4
    # via style-bert-vits2
pyyaml==6.0.2
    # via ctranslate2
    # via huggingface-hub
    # via transformers
regex==2024.11.6
    # via nltk
    # via tiktoken
    # via transformers
requests==2.32.3
    # via huggingface-hub
    # via tiktoken
    # via transformers
rich==13.9.4
    # via voice-assistant-demo
safetensors==0.5.2
    # via style-bert-vits2
    # via transformers
setuptools==75.8.0
    # via ctranslate2
    # via pyinstaller
    # via pyinstaller-hooks-contrib
    # via torch
six==1.17.0
    # via pynput
    # via pyopenjtalk-dict
sniffio==1.3.1
    # via anyio
    # via openai
sounddevice==0.5.1
    # via voice-assistant-demo
speechrecognition==3.14.1
    # via voice-assistant-demo
starlette==0.45.3
    # via fastapi
style-bert-vits2==2.5.0
    # via voice-assistant-demo
sympy==1.13.1
    # via onnxruntime
    # via torch
tiktoken==0.8.0
    # via openai-whisper
tokenizers==0.21.0
    # via faster-whisper
    # via transformers
torch==2.5.1
    # via openai-whisper
    # via style-bert-vits2
    # via torchaudio
    # via torchvision
    # via voice-assistant-demo
torchaudio==2.5.1
    # via voice-assistant-demo
torchvision==0.20.1
    # via voice-assistant-demo
tqdm==4.67.1
    # via faster-whisper
    # via huggingface-hub
    # via nltk
    # via openai
    # via openai-whisper
    # via pyopenjtalk-dict
    # via transformers
transformers==4.48.1
    # via style-bert-vits2
typeguard==4.4.1
    # via inflect
typing-extensions==4.12.2
    # via anyio
    # via fastapi
    # via huggingface-hub
    # via openai
    # via pydantic
    # via pydantic-core
    # via speechrecognition
    # via torch
    # via typeguard
urllib3==2.3.0
    # via requests
uvicorn==0.34.0
    # via voice-assistant-demo
zipp==3.21.0
    # via importlib-metadata
